// !$*UTF8*$!
{
	archiveVersion = 1;
	classes = {
	};
	objectVersion = 50;
	objects = {

/* Begin PBXBuildFile section */
		0A048778229CB83A00E24D1A /* GameScene.sks in Resources */ = {isa = PBXBuildFile; fileRef = 0A048777229CB83A00E24D1A /* GameScene.sks */; };
		0AE975E3229CB6EF00BF0B83 /* AppDelegate.swift in Sources */ = {isa = PBXBuildFile; fileRef = 0AE975E2229CB6EF00BF0B83 /* AppDelegate.swift */; };
		0AE975E9229CB6EF00BF0B83 /* GameScene.swift in Sources */ = {isa = PBXBuildFile; fileRef = 0AE975E8229CB6EF00BF0B83 /* GameScene.swift */; };
		0AE975EB229CB6EF00BF0B83 /* GameViewController.swift in Sources */ = {isa = PBXBuildFile; fileRef = 0AE975EA229CB6EF00BF0B83 /* GameViewController.swift */; };
		0AE975EE229CB6EF00BF0B83 /* Main.storyboard in Resources */ = {isa = PBXBuildFile; fileRef = 0AE975EC229CB6EF00BF0B83 /* Main.storyboard */; };
		0AE975F0229CB6F600BF0B83 /* Assets.xcassets in Resources */ = {isa = PBXBuildFile; fileRef = 0AE975EF229CB6F600BF0B83 /* Assets.xcassets */; };
		0AE975F3229CB6F600BF0B83 /* LaunchScreen.storyboard in Resources */ = {isa = PBXBuildFile; fileRef = 0AE975F1229CB6F600BF0B83 /* LaunchScreen.storyboard */; };
		0AE975FC229CB77300BF0B83 /* explosion.sks in Resources */ = {isa = PBXBuildFile; fileRef = 0AE975FA229CB77300BF0B83 /* explosion.sks */; };
		0AE975FD229CB77300BF0B83 /* starfield.sks in Resources */ = {isa = PBXBuildFile; fileRef = 0AE975FB229CB77300BF0B83 /* starfield.sks */; };
/* End PBXBuildFile section */

/* Begin PBXFileReference section */
		0A048777229CB83A00E24D1A /* GameScene.sks */ = {isa = PBXFileReference; lastKnownFileType = file.sks; path = GameScene.sks; sourceTree = "<group>"; };
		0AE975DF229CB6EF00BF0B83 /* Project17.app */ = {isa = PBXFileReference; explicitFileType = wrapper.application; includeInIndex = 0; path = Project17.app; sourceTree = BUILT_PRODUCTS_DIR; };
		0AE975E2229CB6EF00BF0B83 /* AppDelegate.swift */ = {isa = PBXFileReference; lastKnownFileType = sourcecode.swift; path = AppDelegate.swift; sourceTree = "<group>"; };
		0AE975E8229CB6EF00BF0B83 /* GameScene.swift */ = {isa = PBXFileReference; lastKnownFileType = sourcecode.swift; path = GameScene.swift; sourceTree = "<group>"; };
		0AE975EA229CB6EF00BF0B83 /* GameViewController.swift */ = {isa = PBXFileReference; lastKnownFileType = sourcecode.swift; path = GameViewController.swift; sourceTree = "<group>"; };
		0AE975ED229CB6EF00BF0B83 /* Base */ = {isa = PBXFileReference; lastKnownFileType = file.storyboard; name = Base; path = Base.lproj/Main.storyboard; sourceTree = "<group>"; };
		0AE975EF229CB6F600BF0B83 /* Assets.xcassets */ = {isa = PBXFileReference; lastKnownFileType = folder.assetcatalog; path = Assets.xcassets; sourceTree = "<group>"; };
		0AE975F2229CB6F600BF0B83 /* Base */ = {isa = PBXFileReference; lastKnownFileType = file.storyboard; name = Base; path = Base.lproj/LaunchScreen.storyboard; sourceTree = "<group>"; };
		0AE975F4229CB6F700BF0B83 /* Info.plist */ = {isa = PBXFileReference; lastKnownFileType = text.plist.xml; path = Info.plist; sourceTree = "<group>"; };
		0AE975FA229CB77300BF0B83 /* explosion.sks */ = {isa = PBXFileReference; lastKnownFileType = file.sks; path = explosion.sks; sourceTree = "<group>"; };
		0AE975FB229CB77300BF0B83 /* starfield.sks */ = {isa = PBXFileReference; lastKnownFileType = file.sks; path = starfield.sks; sourceTree = "<group>"; };
/* End PBXFileReference section */

/* Begin PBXFrameworksBuildPhase section */
		0AE975DC229CB6EF00BF0B83 /* Frameworks */ = {
			isa = PBXFrameworksBuildPhase;
			buildActionMask = 2147483647;
			files = (
			);
			runOnlyForDeploymentPostprocessing = 0;
		};
/* End PBXFrameworksBuildPhase section */

/* Begin PBXGroup section */
		0AE975D6229CB6EF00BF0B83 = {
			isa = PBXGroup;
			children = (
				0AE975E1229CB6EF00BF0B83 /* Project17 */,
				0AE975E0229CB6EF00BF0B83 /* Products */,
			);
			sourceTree = "<group>";
		};
		0AE975E0229CB6EF00BF0B83 /* Products */ = {
			isa = PBXGroup;
			children = (
				0AE975DF229CB6EF00BF0B83 /* Project17.app */,
			);
			name = Products;
			sourceTree = "<group>";
		};
		0AE975E1229CB6EF00BF0B83 /* Project17 */ = {
			isa = PBXGroup;
			children = (
				0AE975E2229CB6EF00BF0B83 /* AppDelegate.swift */,
				0A048777229CB83A00E24D1A /* GameScene.sks */,
				0AE975E8229CB6EF00BF0B83 /* GameScene.swift */,
				0AE975EA229CB6EF00BF0B83 /* GameViewController.swift */,
				0AE975EC229CB6EF00BF0B83 /* Main.storyboard */,
				0AE975EF229CB6F600BF0B83 /* Assets.xcassets */,
				0AE975F1229CB6F600BF0B83 /* LaunchScreen.storyboard */,
				0AE975F4229CB6F700BF0B83 /* Info.plist */,
				0AE975FA229CB77300BF0B83 /* explosion.sks */,
				0AE975FB229CB77300BF0B83 /* starfield.sks */,
			);
			path = Project17;
			sourceTree = "<group>";
		};
/* End PBXGroup section */

/* Begin PBXNativeTarget section */
		0AE975DE229CB6EF00BF0B83 /* Project17 */ = {
			isa = PBXNativeTarget;
			buildConfigurationList = 0AE975F7229CB6F700BF0B83 /* Build configuration list for PBXNativeTarget "Project17" */;
			buildPhases = (
				0AE975DB229CB6EF00BF0B83 /* Sources */,
				0AE975DC229CB6EF00BF0B83 /* Frameworks */,
				0AE975DD229CB6EF00BF0B83 /* Resources */,
			);
			buildRules = (
			);
			dependencies = (
			);
			name = Project17;
			productName = Project17;
			productReference = 0AE975DF229CB6EF00BF0B83 /* Project17.app */;
			productType = "com.apple.product-type.application";
		};
/* End PBXNativeTarget section */

/* Begin PBXProject section */
		0AE975D7229CB6EF00BF0B83 /* Project object */ = {
			isa = PBXProject;
			attributes = {
				LastSwiftUpdateCheck = 1020;
				LastUpgradeCheck = 1020;
				ORGANIZATIONNAME = clarknt;
				TargetAttributes = {
					0AE975DE229CB6EF00BF0B83 = {
						CreatedOnToolsVersion = 10.2.1;
					};
				};
			};
			buildConfigurationList = 0AE975DA229CB6EF00BF0B83 /* Build configuration list for PBXProject "Project17" */;
			compatibilityVersion = "Xcode 9.3";
			developmentRegion = en;
			hasScannedForEncodings = 0;
			knownRegions = (
				en,
				Base,
			);
			mainGroup = 0AE975D6229CB6EF00BF0B83;
			productRefGroup = 0AE975E0229CB6EF00BF0B83 /* Products */;
			projectDirPath = "";
			projectRoot = "";
			targets = (
				0AE975DE229CB6EF00BF0B83 /* Project17 */,
			);
		};
/* End PBXProject section */

/* Begin PBXResourcesBuildPhase section */
		0AE975DD229CB6EF00BF0B83 /* Resources */ = {
			isa = PBXResourcesBuildPhase;
			buildActionMask = 2147483647;
			files = (
				0AE975EE229CB6EF00BF0B83 /* Main.storyboard in Resources */,
				0AE975F0229CB6F600BF0B83 /* Assets.xcassets in Resources */,
				0AE975FC229CB77300BF0B83 /* explosion.sks in Resources */,
				0AE975F3229CB6F600BF0B83 /* LaunchScreen.storyboard in Resources */,
				0A048778229CB83A00E24D1A /* GameScene.sks in Resources */,
				0AE975FD229CB77300BF0B83 /* starfield.sks in Resources */,
			);
			runOnlyForDeploymentPostprocessing = 0;
		};
/* End PBXResourcesBuildPhase section */

/* Begin PBXSourcesBuildPhase section */
		0AE975DB229CB6EF00BF0B83 /* Sources */ = {
			isa = PBXSourcesBuildPhase;
			buildActionMask = 2147483647;
			files = (
				0AE975E9229CB6EF00BF0B83 /* GameScene.swift in Sources */,
				0AE975EB229CB6EF00BF0B83 /* GameViewController.swift in Sources */,
				0AE975E3229CB6EF00BF0B83 /* AppDelegate.swift in Sources */,
			);
			runOnlyForDeploymentPostprocessing = 0;
		};
/* End PBXSourcesBuildPhase section */

/* Begin PBXVariantGroup section */
		0AE975EC229CB6EF00BF0B83 /* Main.storyboard */ = {
			isa = PBXVariantGroup;
			children = (
				0AE975ED229CB6EF00BF0B83 /* Base */,
			);
			name = Main.storyboard;
			sourceTree = "<group>";
		};
		0AE975F1229CB6F600BF0B83 /* LaunchScreen.storyboard */ = {
			isa = PBXVariantGroup;
			children = (
				0AE975F2229CB6F600BF0B83 /* Base */,
			);
			name = LaunchScreen.storyboard;
			sourceTree = "<group>";
		};
/* End PBXVariantGroup section */

/* Begin XCBuildConfiguration section */
		0AE975F5229CB6F700BF0B83 /* Debug */ = {
			isa = XCBuildConfiguration;
			buildSettings = {
				ALWAYS_SEARCH_USER_PATHS = NO;
				CLANG_ANALYZER_NONNULL = YES;
				CLANG_ANALYZER_NUMBER_OBJECT_CONVERSION = YES_AGGRESSIVE;
				CLANG_CXX_LANGUAGE_STANDARD = "gnu++14";
				CLANG_CXX_LIBRARY = "libc++";
				CLANG_ENABLE_MODULES = YES;
				CLANG_ENABLE_OBJC_ARC = YES;
				CLANG_ENABLE_OBJC_WEAK = YES;
				CLANG_WARN_BLOCK_CAPTURE_AUTORELEASING = YES;
				CLANG_WARN_BOOL_CONVERSION = YES;
				CLANG_WARN_COMMA = YES;
				CLANG_WARN_CONSTANT_CONVERSION = YES;
				CLANG_WARN_DEPRECATED_OBJC_IMPLEMENTATIONS = YES;
				CLANG_WARN_DIRECT_OBJC_ISA_USAGE = YES_ERROR;
				CLANG_WARN_DOCUMENTATION_COMMENTS = YES;
				CLANG_WARN_EMPTY_BODY = YES;
				CLANG_WARN_ENUM_CONVERSION = YES;
				CLANG_WARN_INFINITE_RECURSION = YES;
				CLANG_WARN_INT_CONVERSION = YES;
				CLANG_WARN_NON_LITERAL_NULL_CONVERSION = YES;
				CLANG_WARN_OBJC_IMPLICIT_RETAIN_SELF = YES;
				CLANG_WARN_OBJC_LITERAL_CONVERSION = YES;
				CLANG_WARN_OBJC_ROOT_CLASS = YES_ERROR;
				CLANG_WARN_RANGE_LOOP_ANALYSIS = YES;
				CLANG_WARN_STRICT_PROTOTYPES = YES;
				CLANG_WARN_SUSPICIOUS_MOVE = YES;
				CLANG_WARN_UNGUARDED_AVAILABILITY = YES_AGGRESSIVE;
				CLANG_WARN_UNREACHABLE_CODE = YES;
				CLANG_WARN__DUPLICATE_METHOD_MATCH = YES;
				CODE_SIGN_IDENTITY = "iPhone Developer";
				COPY_PHASE_STRIP = NO;
				DEBUG_INFORMATION_FORMAT = dwarf;
				ENABLE_STRICT_OBJC_MSGSEND = YES;
				ENABLE_TESTABILITY = YES;
				GCC_C_LANGUAGE_STANDARD = gnu11;
				GCC_DYNAMIC_NO_PIC = NO;
				GCC_NO_COMMON_BLOCKS = YES;
				GCC_OPTIMIZATION_LEVEL = 0;
				GCC_PREPROCESSOR_DEFINITIONS = (
					"DEBUG=1",
					"$(inherited)",
				);
				GCC_WARN_64_TO_32_BIT_CONVERSION = YES;
				GCC_WARN_ABOUT_RETURN_TYPE = YES_ERROR;
				GCC_WARN_UNDECLARED_SELECTOR = YES;
				GCC_WARN_UNINITIALIZED_AUTOS = YES_AGGRESSIVE;
				GCC_WARN_UNUSED_FUNCTION = YES;
				GCC_WARN_UNUSED_VARIABLE = YES;
				IPHONEOS_DEPLOYMENT_TARGET = 12.2;
				MTL_ENABLE_DEBUG_INFO = INCLUDE_SOURCE;
				MTL_FAST_MATH = YES;
				ONLY_ACTIVE_ARCH = YES;
				SDKROOT = iphoneos;
				SWIFT_ACTIVE_COMPILATION_CONDITIONS = DEBUG;
				SWIFT_OPTIMIZATION_LEVEL = "-Onone";
			};
			name = Debug;
		};
		0AE975F6229CB6F700BF0B83 /* Release */ = {
			isa = XCBuildConfiguration;
			buildSettings = {
				ALWAYS_SEARCH_USER_PATHS = NO;
				CLANG_ANALYZER_NONNULL = YES;
				CLANG_ANALYZER_NUMBER_OBJECT_CONVERSION = YES_AGGRESSIVE;
				CLANG_CXX_LANGUAGE_STANDARD = "gnu++14";
				CLANG_CXX_LIBRARY = "libc++";
				CLANG_ENABLE_MODULES = YES;
				CLANG_ENABLE_OBJC_ARC = YES;
				CLANG_ENABLE_OBJC_WEAK = YES;
				CLANG_WARN_BLOCK_CAPTURE_AUTORELEASING = YES;
				CLANG_WARN_BOOL_CONVERSION = YES;
				CLANG_WARN_COMMA = YES;
				CLANG_WARN_CONSTANT_CONVERSION = YES;
				CLANG_WARN_DEPRECATED_OBJC_IMPLEMENTATIONS = YES;
				CLANG_WARN_DIRECT_OBJC_ISA_USAGE = YES_ERROR;
				CLANG_WARN_DOCUMENTATION_COMMENTS = YES;
				CLANG_WARN_EMPTY_BODY = YES;
				CLANG_WARN_ENUM_CONVERSION = YES;
				CLANG_WARN_INFINITE_RECURSION = YES;
				CLANG_WARN_INT_CONVERSION = YES;
				CLANG_WARN_NON_LITERAL_NULL_CONVERSION = YES;
				CLANG_WARN_OBJC_IMPLICIT_RETAIN_SELF = YES;
				CLANG_WARN_OBJC_LITERAL_CONVERSION = YES;
				CLANG_WARN_OBJC_ROOT_CLASS = YES_ERROR;
				CLANG_WARN_RANGE_LOOP_ANALYSIS = YES;
				CLANG_WARN_STRICT_PROTOTYPES = YES;
				CLANG_WARN_SUSPICIOUS_MOVE = YES;
				CLANG_WARN_UNGUARDED_AVAILABILITY = YES_AGGRESSIVE;
				CLANG_WARN_UNREACHABLE_CODE = YES;
				CLANG_WARN__DUPLICATE_METHOD_MATCH = YES;
				CODE_SIGN_IDENTITY = "iPhone Developer";
				COPY_PHASE_STRIP = NO;
				DEBUG_INFORMATION_FORMAT = "dwarf-with-dsym";
				ENABLE_NS_ASSERTIONS = NO;
				ENABLE_STRICT_OBJC_MSGSEND = YES;
				GCC_C_LANGUAGE_STANDARD = gnu11;
				GCC_NO_COMMON_BLOCKS = YES;
				GCC_WARN_64_TO_32_BIT_CONVERSION = YES;
				GCC_WARN_ABOUT_RETURN_TYPE = YES_ERROR;
				GCC_WARN_UNDECLARED_SELECTOR = YES;
				GCC_WARN_UNINITIALIZED_AUTOS = YES_AGGRESSIVE;
				GCC_WARN_UNUSED_FUNCTION = YES;
				GCC_WARN_UNUSED_VARIABLE = YES;
				IPHONEOS_DEPLOYMENT_TARGET = 12.2;
				MTL_ENABLE_DEBUG_INFO = NO;
				MTL_FAST_MATH = YES;
				SDKROOT = iphoneos;
				SWIFT_COMPILATION_MODE = wholemodule;
				SWIFT_OPTIMIZATION_LEVEL = "-O";
				VALIDATE_PRODUCT = YES;
			};
			name = Release;
		};
		0AE975F8229CB6F700BF0B83 /* Debug */ = {
			isa = XCBuildConfiguration;
			buildSettings = {
				ASSETCATALOG_COMPILER_APPICON_NAME = AppIcon;
				CODE_SIGN_STYLE = Automatic;
				DEVELOPMENT_TEAM = "";
				INFOPLIST_FILE = Project17/Info.plist;
				LD_RUNPATH_SEARCH_PATHS = (
					"$(inherited)",
					"@executable_path/Frameworks",
				);
				PRODUCT_BUNDLE_IDENTIFIER = "clarknt.100-days-of-swift.Project17";
				PRODUCT_NAME = "$(TARGET_NAME)";
				SWIFT_VERSION = 5.0;
				TARGETED_DEVICE_FAMILY = 2;
			};
			name = Debug;
		};
		0AE975F9229CB6F700BF0B83 /* Release */ = {
			isa = XCBuildConfiguration;
			buildSettings = {
				ASSETCATALOG_COMPILER_APPICON_NAME = AppIcon;
				CODE_SIGN_STYLE = Automatic;
				DEVELOPMENT_TEAM = "";
				INFOPLIST_FILE = Project17/Info.plist;
				LD_RUNPATH_SEARCH_PATHS = (
					"$(inherited)",
					"@executable_path/Frameworks",
				);
				PRODUCT_BUNDLE_IDENTIFIER = "clarknt.100-days-of-swift.Project17";
				PRODUCT_NAME = "$(TARGET_NAME)";
				SWIFT_VERSION = 5.0;
				TARGETED_DEVICE_FAMILY = 2;
			};
			name = Release;
		};
/* End XCBuildConfiguration section */

/* Begin XCConfigurationList section */
		0AE975DA229CB6EF00BF0B83 /* Build configuration list for PBXProject "Project17" */ = {
			isa = XCConfigurationList;
			buildConfigurations = (
				0AE975F5229CB6F700BF0B83 /* Debug */,
				0AE975F6229CB6F700BF0B83 /* Release */,
			);
			defaultConfigurationIsVisible = 0;
			defaultConfigurationName = Release;
		};
		0AE975F7229CB6F700BF0B83 /* Build configuration list for PBXNativeTarget "Project17" */ = {
			isa = XCConfigurationList;
			buildConfigurations = (
				0AE975F8229CB6F700BF0B83 /* Debug */,
				0AE975F9229CB6F700BF0B83 /* Release */,
			);
			defaultConfigurationIsVisible = 0;
			defaultConfigurationName = Release;
		};
/* End XCConfigurationList section */
	};
	rootObject = 0AE975D7229CB6EF00BF0B83 /* Project object */;
}
